
Microsoft Visual Studio Solution File, Format Version 12.00
# Visual Studio 15
VisualStudioVersion = 15.0.27428.2037
MinimumVisualStudioVersion = 10.0.40219.1
Project("{9A19103F-16F7-4668-BE54-9A1E7A4F7556}") = "Spelling.Web", "Spelling.Web\Spelling.Web.csproj", "{30B25278-3605-4C26-9ACE-BAD307921106}"
EndProject
Project("{2150E333-8FDC-42A3-9474-1A3956D46DE8}") = "ext", "ext", "{0B09AF08-42F4-449E-92A5-9B7E82E5ECA4}"
EndProject
Project("{2150E333-8FDC-42A3-9474-1A3956D46DE8}") = "domain", "domain", "{715E97E0-B8B4-4C0B-A0F0-66AF9BB239C3}"
EndProject
Project("{2150E333-8FDC-42A3-9474-1A3956D46DE8}") = "web", "web", "{820F9FAC-17F1-472C-A78C-85C9A577304A}"
EndProject
Project("{2150E333-8FDC-42A3-9474-1A3956D46DE8}") = "xamarin", "xamarin", "{072AE120-4B49-41EF-908D-E4783FB1C95E}"
EndProject
Project("{FAE04EC0-301F-11D3-BF4B-00C04F79EFBC}") = "Spelling.Mobile.Android", "Spelling.Mobile\Spelling.Mobile.Android\Spelling.Mobile.Android.csproj", "{D891A4A9-DC86-4F94-A126-40C89F3B818A}"
EndProject
Project("{FAE04EC0-301F-11D3-BF4B-00C04F79EFBC}") = "Spelling.Mobile.iOS", "Spelling.Mobile\Spelling.Mobile.iOS\Spelling.Mobile.iOS.csproj", "{1C112B39-54A6-4B52-8D2A-BE41BDBED6A5}"
EndProject
Project("{9A19103F-16F7-4668-BE54-9A1E7A4F7556}") = "Spelling.Mobile", "Spelling.Mobile\Spelling.Mobile\Spelling.Mobile.csproj", "{891876CE-99FD-4FCC-A5C0-C062D40D4DE7}"
EndProject
Project("{9A19103F-16F7-4668-BE54-9A1E7A4F7556}") = "Spelling.Domain", "Spelling.Domain\Spelling.Domain.csproj", "{66A02F95-3E57-4DE7-9743-1A292E9E252E}"
EndProject
Project("{9A19103F-16F7-4668-BE54-9A1E7A4F7556}") = "Beto.Core", "..\ext\beto.core\src\Beto.Core\Beto.Core.csproj", "{0DEF7692-37BA-4D54-82EB-DDA62A30A80A}"
EndProject
Project("{9A19103F-16F7-4668-BE54-9A1E7A4F7556}") = "Beto.Core.Data", "..\ext\beto.core\src\Beto.Core.Data\Beto.Core.Data.csproj", "{70CC91C4-B34B-4ADB-A183-D357DDF9F044}"
EndProject
Project("{9A19103F-16F7-4668-BE54-9A1E7A4F7556}") = "Beto.Core.Web", "..\ext\beto.core\src\Beto.Core.Web\Beto.Core.Web.csproj", "{307862D4-C72B-4899-90DD-E8B368057F40}"
EndProject
Project("{9A19103F-16F7-4668-BE54-9A1E7A4F7556}") = "Spelling.Models", "Spelling.Models\Spelling.Models.csproj", "{6FB36605-1B52-4DBE-8F32-DBFCB567B78F}"
EndProject
Project("{FAE04EC0-301F-11D3-BF4B-00C04F79EFBC}") = "Spelling.Business", "Spelling.Business\Spelling.Business.csproj", "{6B4DE205-7AC9-4475-8BF7-13F8E6BABD9A}"
EndProject
Project("{FAE04EC0-301F-11D3-BF4B-00C04F79EFBC}") = "Spelling.Data", "Spelling.Data\Spelling.Data.csproj", "{676D53CD-581C-447A-B735-43EC19E18C7E}"
EndProject
Global
	GlobalSection(SolutionConfigurationPlatforms) = preSolution
		Ad-Hoc|Any CPU = Ad-Hoc|Any CPU
		Ad-Hoc|iPhone = Ad-Hoc|iPhone
		Ad-Hoc|iPhoneSimulator = Ad-Hoc|iPhoneSimulator
		AppStore|Any CPU = AppStore|Any CPU
		AppStore|iPhone = AppStore|iPhone
		AppStore|iPhoneSimulator = AppStore|iPhoneSimulator
		Debug|Any CPU = Debug|Any CPU
		Debug|iPhone = Debug|iPhone
		Debug|iPhoneSimulator = Debug|iPhoneSimulator
		Release|Any CPU = Release|Any CPU
		Release|iPhone = Release|iPhone
		Release|iPhoneSimulator = Release|iPhoneSimulator
	EndGlobalSection
	GlobalSection(ProjectConfigurationPlatforms) = postSolution
		{30B25278-3605-4C26-9ACE-BAD307921106}.Ad-Hoc|Any CPU.ActiveCfg = Release|Any CPU
		{30B25278-3605-4C26-9ACE-BAD307921106}.Ad-Hoc|Any CPU.Build.0 = Release|Any CPU
		{30B25278-3605-4C26-9ACE-BAD307921106}.Ad-Hoc|iPhone.ActiveCfg = Release|Any CPU
		{30B25278-3605-4C26-9ACE-BAD307921106}.Ad-Hoc|iPhone.Build.0 = Release|Any CPU
		{30B25278-3605-4C26-9ACE-BAD307921106}.Ad-Hoc|iPhoneSimulator.ActiveCfg = Release|Any CPU
		{30B25278-3605-4C26-9ACE-BAD307921106}.Ad-Hoc|iPhoneSimulator.Build.0 = Release|Any CPU
		{30B25278-3605-4C26-9ACE-BAD307921106}.AppStore|Any CPU.ActiveCfg = Release|Any CPU
		{30B25278-3605-4C26-9ACE-BAD307921106}.AppStore|Any CPU.Build.0 = Release|Any CPU
		{30B25278-3605-4C26-9ACE-BAD307921106}.AppStore|iPhone.ActiveCfg = Release|Any CPU
		{30B25278-3605-4C26-9ACE-BAD307921106}.AppStore|iPhone.Build.0 = Release|Any CPU
		{30B25278-3605-4C26-9ACE-BAD307921106}.AppStore|iPhoneSimulator.ActiveCfg = Release|Any CPU
		{30B25278-3605-4C26-9ACE-BAD307921106}.AppStore|iPhoneSimulator.Build.0 = Release|Any CPU
		{30B25278-3605-4C26-9ACE-BAD307921106}.Debug|Any CPU.ActiveCfg = Debug|Any CPU
		{30B25278-3605-4C26-9ACE-BAD307921106}.Debug|Any CPU.Build.0 = Debug|Any CPU
		{30B25278-3605-4C26-9ACE-BAD307921106}.Debug|iPhone.ActiveCfg = Debug|Any CPU
		{30B25278-3605-4C26-9ACE-BAD307921106}.Debug|iPhone.Build.0 = Debug|Any CPU
		{30B25278-3605-4C26-9ACE-BAD307921106}.Debug|iPhoneSimulator.ActiveCfg = Debug|Any CPU
		{30B25278-3605-4C26-9ACE-BAD307921106}.Debug|iPhoneSimulator.Build.0 = Debug|Any CPU
		{30B25278-3605-4C26-9ACE-BAD307921106}.Release|Any CPU.ActiveCfg = Release|Any CPU
		{30B25278-3605-4C26-9ACE-BAD307921106}.Release|Any CPU.Build.0 = Release|Any CPU
		{30B25278-3605-4C26-9ACE-BAD307921106}.Release|iPhone.ActiveCfg = Release|Any CPU
		{30B25278-3605-4C26-9ACE-BAD307921106}.Release|iPhone.Build.0 = Release|Any CPU
		{30B25278-3605-4C26-9ACE-BAD307921106}.Release|iPhoneSimulator.ActiveCfg = Release|Any CPU
		{30B25278-3605-4C26-9ACE-BAD307921106}.Release|iPhoneSimulator.Build.0 = Release|Any CPU
		{D891A4A9-DC86-4F94-A126-40C89F3B818A}.Ad-Hoc|Any CPU.ActiveCfg = Release|Any CPU
		{D891A4A9-DC86-4F94-A126-40C89F3B818A}.Ad-Hoc|Any CPU.Build.0 = Release|Any CPU
		{D891A4A9-DC86-4F94-A126-40C89F3B818A}.Ad-Hoc|Any CPU.Deploy.0 = Release|Any CPU
		{D891A4A9-DC86-4F94-A126-40C89F3B818A}.Ad-Hoc|iPhone.ActiveCfg = Release|Any CPU
		{D891A4A9-DC86-4F94-A126-40C89F3B818A}.Ad-Hoc|iPhone.Build.0 = Release|Any CPU
		{D891A4A9-DC86-4F94-A126-40C89F3B818A}.Ad-Hoc|iPhone.Deploy.0 = Release|Any CPU
		{D891A4A9-DC86-4F94-A126-40C89F3B818A}.Ad-Hoc|iPhoneSimulator.ActiveCfg = Release|Any CPU
		{D891A4A9-DC86-4F94-A126-40C89F3B818A}.Ad-Hoc|iPhoneSimulator.Build.0 = Release|Any CPU
		{D891A4A9-DC86-4F94-A126-40C89F3B818A}.Ad-Hoc|iPhoneSimulator.Deploy.0 = Release|Any CPU
		{D891A4A9-DC86-4F94-A126-40C89F3B818A}.AppStore|Any CPU.ActiveCfg = Release|Any CPU
		{D891A4A9-DC86-4F94-A126-40C89F3B818A}.AppStore|Any CPU.Build.0 = Release|Any CPU
		{D891A4A9-DC86-4F94-A126-40C89F3B818A}.AppStore|Any CPU.Deploy.0 = Release|Any CPU
		{D891A4A9-DC86-4F94-A126-40C89F3B818A}.AppStore|iPhone.ActiveCfg = Release|Any CPU
		{D891A4A9-DC86-4F94-A126-40C89F3B818A}.AppStore|iPhone.Build.0 = Release|Any CPU
		{D891A4A9-DC86-4F94-A126-40C89F3B818A}.AppStore|iPhone.Deploy.0 = Release|Any CPU
		{D891A4A9-DC86-4F94-A126-40C89F3B818A}.AppStore|iPhoneSimulator.ActiveCfg = Release|Any CPU
		{D891A4A9-DC86-4F94-A126-40C89F3B818A}.AppStore|iPhoneSimulator.Build.0 = Release|Any CPU
		{D891A4A9-DC86-4F94-A126-40C89F3B818A}.AppStore|iPhoneSimulator.Deploy.0 = Release|Any CPU
		{D891A4A9-DC86-4F94-A126-40C89F3B818A}.Debug|Any CPU.ActiveCfg = Debug|Any CPU
		{D891A4A9-DC86-4F94-A126-40C89F3B818A}.Debug|Any CPU.Build.0 = Debug|Any CPU
		{D891A4A9-DC86-4F94-A126-40C89F3B818A}.Debug|Any CPU.Deploy.0 = Debug|Any CPU
		{D891A4A9-DC86-4F94-A126-40C89F3B818A}.Debug|iPhone.ActiveCfg = Debug|Any CPU
		{D891A4A9-DC86-4F94-A126-40C89F3B818A}.Debug|iPhone.Build.0 = Debug|Any CPU
		{D891A4A9-DC86-4F94-A126-40C89F3B818A}.Debug|iPhone.Deploy.0 = Debug|Any CPU
		{D891A4A9-DC86-4F94-A126-40C89F3B818A}.Debug|iPhoneSimulator.ActiveCfg = Debug|Any CPU
		{D891A4A9-DC86-4F94-A126-40C89F3B818A}.Debug|iPhoneSimulator.Build.0 = Debug|Any CPU
		{D891A4A9-DC86-4F94-A126-40C89F3B818A}.Debug|iPhoneSimulator.Deploy.0 = Debug|Any CPU
		{D891A4A9-DC86-4F94-A126-40C89F3B818A}.Release|Any CPU.ActiveCfg = Release|Any CPU
		{D891A4A9-DC86-4F94-A126-40C89F3B818A}.Release|Any CPU.Build.0 = Release|Any CPU
		{D891A4A9-DC86-4F94-A126-40C89F3B818A}.Release|Any CPU.Deploy.0 = Release|Any CPU
		{D891A4A9-DC86-4F94-A126-40C89F3B818A}.Release|iPhone.ActiveCfg = Release|Any CPU
		{D891A4A9-DC86-4F94-A126-40C89F3B818A}.Release|iPhone.Build.0 = Release|Any CPU
		{D891A4A9-DC86-4F94-A126-40C89F3B818A}.Release|iPhone.Deploy.0 = Release|Any CPU
		{D891A4A9-DC86-4F94-A126-40C89F3B818A}.Release|iPhoneSimulator.ActiveCfg = Release|Any CPU
		{D891A4A9-DC86-4F94-A126-40C89F3B818A}.Release|iPhoneSimulator.Build.0 = Release|Any CPU
		{D891A4A9-DC86-4F94-A126-40C89F3B818A}.Release|iPhoneSimulator.Deploy.0 = Release|Any CPU
		{1C112B39-54A6-4B52-8D2A-BE41BDBED6A5}.Ad-Hoc|Any CPU.ActiveCfg = Ad-Hoc|iPhone
		{1C112B39-54A6-4B52-8D2A-BE41BDBED6A5}.Ad-Hoc|iPhone.ActiveCfg = Ad-Hoc|iPhone
		{1C112B39-54A6-4B52-8D2A-BE41BDBED6A5}.Ad-Hoc|iPhone.Build.0 = Ad-Hoc|iPhone
		{1C112B39-54A6-4B52-8D2A-BE41BDBED6A5}.Ad-Hoc|iPhoneSimulator.ActiveCfg = Ad-Hoc|iPhoneSimulator
		{1C112B39-54A6-4B52-8D2A-BE41BDBED6A5}.Ad-Hoc|iPhoneSimulator.Build.0 = Ad-Hoc|iPhoneSimulator
		{1C112B39-54A6-4B52-8D2A-BE41BDBED6A5}.AppStore|Any CPU.ActiveCfg = AppStore|iPhone
		{1C112B39-54A6-4B52-8D2A-BE41BDBED6A5}.AppStore|iPhone.ActiveCfg = AppStore|iPhone
		{1C112B39-54A6-4B52-8D2A-BE41BDBED6A5}.AppStore|iPhone.Build.0 = AppStore|iPhone
		{1C112B39-54A6-4B52-8D2A-BE41BDBED6A5}.AppStore|iPhoneSimulator.ActiveCfg = AppStore|iPhoneSimulator
		{1C112B39-54A6-4B52-8D2A-BE41BDBED6A5}.AppStore|iPhoneSimulator.Build.0 = AppStore|iPhoneSimulator
		{1C112B39-54A6-4B52-8D2A-BE41BDBED6A5}.Debug|Any CPU.ActiveCfg = Debug|iPhone
		{1C112B39-54A6-4B52-8D2A-BE41BDBED6A5}.Debug|iPhone.ActiveCfg = Debug|iPhone
		{1C112B39-54A6-4B52-8D2A-BE41BDBED6A5}.Debug|iPhone.Build.0 = Debug|iPhone
		{1C112B39-54A6-4B52-8D2A-BE41BDBED6A5}.Debug|iPhoneSimulator.ActiveCfg = Debug|iPhoneSimulator
		{1C112B39-54A6-4B52-8D2A-BE41BDBED6A5}.Debug|iPhoneSimulator.Build.0 = Debug|iPhoneSimulator
		{1C112B39-54A6-4B52-8D2A-BE41BDBED6A5}.Release|Any CPU.ActiveCfg = Release|iPhone
		{1C112B39-54A6-4B52-8D2A-BE41BDBED6A5}.Release|iPhone.ActiveCfg = Release|iPhone
		{1C112B39-54A6-4B52-8D2A-BE41BDBED6A5}.Release|iPhone.Build.0 = Release|iPhone
		{1C112B39-54A6-4B52-8D2A-BE41BDBED6A5}.Release|iPhoneSimulator.ActiveCfg = Release|iPhoneSimulator
		{1C112B39-54A6-4B52-8D2A-BE41BDBED6A5}.Release|iPhoneSimulator.Build.0 = Release|iPhoneSimulator
		{891876CE-99FD-4FCC-A5C0-C062D40D4DE7}.Ad-Hoc|Any CPU.ActiveCfg = Debug|Any CPU
		{891876CE-99FD-4FCC-A5C0-C062D40D4DE7}.Ad-Hoc|Any CPU.Build.0 = Debug|Any CPU
		{891876CE-99FD-4FCC-A5C0-C062D40D4DE7}.Ad-Hoc|iPhone.ActiveCfg = Debug|Any CPU
		{891876CE-99FD-4FCC-A5C0-C062D40D4DE7}.Ad-Hoc|iPhone.Build.0 = Debug|Any CPU
		{891876CE-99FD-4FCC-A5C0-C062D40D4DE7}.Ad-Hoc|iPhoneSimulator.ActiveCfg = Debug|Any CPU
		{891876CE-99FD-4FCC-A5C0-C062D40D4DE7}.Ad-Hoc|iPhoneSimulator.Build.0 = Debug|Any CPU
		{891876CE-99FD-4FCC-A5C0-C062D40D4DE7}.AppStore|Any CPU.ActiveCfg = Debug|Any CPU
		{891876CE-99FD-4FCC-A5C0-C062D40D4DE7}.AppStore|Any CPU.Build.0 = Debug|Any CPU
		{891876CE-99FD-4FCC-A5C0-C062D40D4DE7}.AppStore|iPhone.ActiveCfg = Debug|Any CPU
		{891876CE-99FD-4FCC-A5C0-C062D40D4DE7}.AppStore|iPhone.Build.0 = Debug|Any CPU
		{891876CE-99FD-4FCC-A5C0-C062D40D4DE7}.AppStore|iPhoneSimulator.ActiveCfg = Debug|Any CPU
		{891876CE-99FD-4FCC-A5C0-C062D40D4DE7}.AppStore|iPhoneSimulator.Build.0 = Debug|Any CPU
		{891876CE-99FD-4FCC-A5C0-C062D40D4DE7}.Debug|Any CPU.ActiveCfg = Debug|Any CPU
		{891876CE-99FD-4FCC-A5C0-C062D40D4DE7}.Debug|Any CPU.Build.0 = Debug|Any CPU
		{891876CE-99FD-4FCC-A5C0-C062D40D4DE7}.Debug|iPhone.ActiveCfg = Debug|Any CPU
		{891876CE-99FD-4FCC-A5C0-C062D40D4DE7}.Debug|iPhone.Build.0 = Debug|Any CPU
		{891876CE-99FD-4FCC-A5C0-C062D40D4DE7}.Debug|iPhoneSimulator.ActiveCfg = Debug|Any CPU
		{891876CE-99FD-4FCC-A5C0-C062D40D4DE7}.Debug|iPhoneSimulator.Build.0 = Debug|Any CPU
		{891876CE-99FD-4FCC-A5C0-C062D40D4DE7}.Release|Any CPU.ActiveCfg = Release|Any CPU
		{891876CE-99FD-4FCC-A5C0-C062D40D4DE7}.Release|Any CPU.Build.0 = Release|Any CPU
		{891876CE-99FD-4FCC-A5C0-C062D40D4DE7}.Release|iPhone.ActiveCfg = Release|Any CPU
		{891876CE-99FD-4FCC-A5C0-C062D40D4DE7}.Release|iPhone.Build.0 = Release|Any CPU
		{891876CE-99FD-4FCC-A5C0-C062D40D4DE7}.Release|iPhoneSimulator.ActiveCfg = Release|Any CPU
		{891876CE-99FD-4FCC-A5C0-C062D40D4DE7}.Release|iPhoneSimulator.Build.0 = Release|Any CPU
		{66A02F95-3E57-4DE7-9743-1A292E9E252E}.Ad-Hoc|Any CPU.ActiveCfg = Debug|Any CPU
		{66A02F95-3E57-4DE7-9743-1A292E9E252E}.Ad-Hoc|Any CPU.Build.0 = Debug|Any CPU
		{66A02F95-3E57-4DE7-9743-1A292E9E252E}.Ad-Hoc|iPhone.ActiveCfg = Debug|Any CPU
		{66A02F95-3E57-4DE7-9743-1A292E9E252E}.Ad-Hoc|iPhone.Build.0 = Debug|Any CPU
		{66A02F95-3E57-4DE7-9743-1A292E9E252E}.Ad-Hoc|iPhoneSimulator.ActiveCfg = Debug|Any CPU
		{66A02F95-3E57-4DE7-9743-1A292E9E252E}.Ad-Hoc|iPhoneSimulator.Build.0 = Debug|Any CPU
		{66A02F95-3E57-4DE7-9743-1A292E9E252E}.AppStore|Any CPU.ActiveCfg = Debug|Any CPU
		{66A02F95-3E57-4DE7-9743-1A292E9E252E}.AppStore|Any CPU.Build.0 = Debug|Any CPU
		{66A02F95-3E57-4DE7-9743-1A292E9E252E}.AppStore|iPhone.ActiveCfg = Debug|Any CPU
		{66A02F95-3E57-4DE7-9743-1A292E9E252E}.AppStore|iPhone.Build.0 = Debug|Any CPU
		{66A02F95-3E57-4DE7-9743-1A292E9E252E}.AppStore|iPhoneSimulator.ActiveCfg = Debug|Any CPU
		{66A02F95-3E57-4DE7-9743-1A292E9E252E}.AppStore|iPhoneSimulator.Build.0 = Debug|Any CPU
		{66A02F95-3E57-4DE7-9743-1A292E9E252E}.Debug|Any CPU.ActiveCfg = Debug|Any CPU
		{66A02F95-3E57-4DE7-9743-1A292E9E252E}.Debug|Any CPU.Build.0 = Debug|Any CPU
		{66A02F95-3E57-4DE7-9743-1A292E9E252E}.Debug|iPhone.ActiveCfg = Debug|Any CPU
		{66A02F95-3E57-4DE7-9743-1A292E9E252E}.Debug|iPhone.Build.0 = Debug|Any CPU
		{66A02F95-3E57-4DE7-9743-1A292E9E252E}.Debug|iPhoneSimulator.ActiveCfg = Debug|Any CPU
		{66A02F95-3E57-4DE7-9743-1A292E9E252E}.Debug|iPhoneSimulator.Build.0 = Debug|Any CPU
		{66A02F95-3E57-4DE7-9743-1A292E9E252E}.Release|Any CPU.ActiveCfg = Release|Any CPU
		{66A02F95-3E57-4DE7-9743-1A292E9E252E}.Release|Any CPU.Build.0 = Release|Any CPU
		{66A02F95-3E57-4DE7-9743-1A292E9E252E}.Release|iPhone.ActiveCfg = Release|Any CPU
		{66A02F95-3E57-4DE7-9743-1A292E9E252E}.Release|iPhone.Build.0 = Release|Any CPU
		{66A02F95-3E57-4DE7-9743-1A292E9E252E}.Release|iPhoneSimulator.ActiveCfg = Release|Any CPU
		{66A02F95-3E57-4DE7-9743-1A292E9E252E}.Release|iPhoneSimulator.Build.0 = Release|Any CPU
		{0DEF7692-37BA-4D54-82EB-DDA62A30A80A}.Ad-Hoc|Any CPU.ActiveCfg = Debug|Any CPU
		{0DEF7692-37BA-4D54-82EB-DDA62A30A80A}.Ad-Hoc|Any CPU.Build.0 = Debug|Any CPU
		{0DEF7692-37BA-4D54-82EB-DDA62A30A80A}.Ad-Hoc|iPhone.ActiveCfg = Debug|Any CPU
		{0DEF7692-37BA-4D54-82EB-DDA62A30A80A}.Ad-Hoc|iPhone.Build.0 = Debug|Any CPU
		{0DEF7692-37BA-4D54-82EB-DDA62A30A80A}.Ad-Hoc|iPhoneSimulator.ActiveCfg = Debug|Any CPU
		{0DEF7692-37BA-4D54-82EB-DDA62A30A80A}.Ad-Hoc|iPhoneSimulator.Build.0 = Debug|Any CPU
		{0DEF7692-37BA-4D54-82EB-DDA62A30A80A}.AppStore|Any CPU.ActiveCfg = Debug|Any CPU
		{0DEF7692-37BA-4D54-82EB-DDA62A30A80A}.AppStore|Any CPU.Build.0 = Debug|Any CPU
		{0DEF7692-37BA-4D54-82EB-DDA62A30A80A}.AppStore|iPhone.ActiveCfg = Debug|Any CPU
		{0DEF7692-37BA-4D54-82EB-DDA62A30A80A}.AppStore|iPhone.Build.0 = Debug|Any CPU
		{0DEF7692-37BA-4D54-82EB-DDA62A30A80A}.AppStore|iPhoneSimulator.ActiveCfg = Debug|Any CPU
		{0DEF7692-37BA-4D54-82EB-DDA62A30A80A}.AppStore|iPhoneSimulator.Build.0 = Debug|Any CPU
		{0DEF7692-37BA-4D54-82EB-DDA62A30A80A}.Debug|Any CPU.ActiveCfg = Debug|Any CPU
		{0DEF7692-37BA-4D54-82EB-DDA62A30A80A}.Debug|Any CPU.Build.0 = Debug|Any CPU
		{0DEF7692-37BA-4D54-82EB-DDA62A30A80A}.Debug|iPhone.ActiveCfg = Debug|Any CPU
		{0DEF7692-37BA-4D54-82EB-DDA62A30A80A}.Debug|iPhone.Build.0 = Debug|Any CPU
		{0DEF7692-37BA-4D54-82EB-DDA62A30A80A}.Debug|iPhoneSimulator.ActiveCfg = Debug|Any CPU
		{0DEF7692-37BA-4D54-82EB-DDA62A30A80A}.Debug|iPhoneSimulator.Build.0 = Debug|Any CPU
		{0DEF7692-37BA-4D54-82EB-DDA62A30A80A}.Release|Any CPU.ActiveCfg = Release|Any CPU
		{0DEF7692-37BA-4D54-82EB-DDA62A30A80A}.Release|Any CPU.Build.0 = Release|Any CPU
		{0DEF7692-37BA-4D54-82EB-DDA62A30A80A}.Release|iPhone.ActiveCfg = Release|Any CPU
		{0DEF7692-37BA-4D54-82EB-DDA62A30A80A}.Release|iPhone.Build.0 = Release|Any CPU
		{0DEF7692-37BA-4D54-82EB-DDA62A30A80A}.Release|iPhoneSimulator.ActiveCfg = Release|Any CPU
		{0DEF7692-37BA-4D54-82EB-DDA62A30A80A}.Release|iPhoneSimulator.Build.0 = Release|Any CPU
		{70CC91C4-B34B-4ADB-A183-D357DDF9F044}.Ad-Hoc|Any CPU.ActiveCfg = Debug|Any CPU
		{70CC91C4-B34B-4ADB-A183-D357DDF9F044}.Ad-Hoc|Any CPU.Build.0 = Debug|Any CPU
		{70CC91C4-B34B-4ADB-A183-D357DDF9F044}.Ad-Hoc|iPhone.ActiveCfg = Debug|Any CPU
		{70CC91C4-B34B-4ADB-A183-D357DDF9F044}.Ad-Hoc|iPhone.Build.0 = Debug|Any CPU
		{70CC91C4-B34B-4ADB-A183-D357DDF9F044}.Ad-Hoc|iPhoneSimulator.ActiveCfg = Debug|Any CPU
		{70CC91C4-B34B-4ADB-A183-D357DDF9F044}.Ad-Hoc|iPhoneSimulator.Build.0 = Debug|Any CPU
		{70CC91C4-B34B-4ADB-A183-D357DDF9F044}.AppStore|Any CPU.ActiveCfg = Debug|Any CPU
		{70CC91C4-B34B-4ADB-A183-D357DDF9F044}.AppStore|Any CPU.Build.0 = Debug|Any CPU
		{70CC91C4-B34B-4ADB-A183-D357DDF9F044}.AppStore|iPhone.ActiveCfg = Debug|Any CPU
		{70CC91C4-B34B-4ADB-A183-D357DDF9F044}.AppStore|iPhone.Build.0 = Debug|Any CPU
		{70CC91C4-B34B-4ADB-A183-D357DDF9F044}.AppStore|iPhoneSimulator.ActiveCfg = Debug|Any CPU
		{70CC91C4-B34B-4ADB-A183-D357DDF9F044}.AppStore|iPhoneSimulator.Build.0 = Debug|Any CPU
		{70CC91C4-B34B-4ADB-A183-D357DDF9F044}.Debug|Any CPU.ActiveCfg = Debug|Any CPU
		{70CC91C4-B34B-4ADB-A183-D357DDF9F044}.Debug|Any CPU.Build.0 = Debug|Any CPU
		{70CC91C4-B34B-4ADB-A183-D357DDF9F044}.Debug|iPhone.ActiveCfg = Debug|Any CPU
		{70CC91C4-B34B-4ADB-A183-D357DDF9F044}.Debug|iPhone.Build.0 = Debug|Any CPU
		{70CC91C4-B34B-4ADB-A183-D357DDF9F044}.Debug|iPhoneSimulator.ActiveCfg = Debug|Any CPU
		{70CC91C4-B34B-4ADB-A183-D357DDF9F044}.Debug|iPhoneSimulator.Build.0 = Debug|Any CPU
		{70CC91C4-B34B-4ADB-A183-D357DDF9F044}.Release|Any CPU.ActiveCfg = Release|Any CPU
		{70CC91C4-B34B-4ADB-A183-D357DDF9F044}.Release|Any CPU.Build.0 = Release|Any CPU
		{70CC91C4-B34B-4ADB-A183-D357DDF9F044}.Release|iPhone.ActiveCfg = Release|Any CPU
		{70CC91C4-B34B-4ADB-A183-D357DDF9F044}.Release|iPhone.Build.0 = Release|Any CPU
		{70CC91C4-B34B-4ADB-A183-D357DDF9F044}.Release|iPhoneSimulator.ActiveCfg = Release|Any CPU
		{70CC91C4-B34B-4ADB-A183-D357DDF9F044}.Release|iPhoneSimulator.Build.0 = Release|Any CPU
		{307862D4-C72B-4899-90DD-E8B368057F40}.Ad-Hoc|Any CPU.ActiveCfg = Debug|Any CPU
		{307862D4-C72B-4899-90DD-E8B368057F40}.Ad-Hoc|Any CPU.Build.0 = Debug|Any CPU
		{307862D4-C72B-4899-90DD-E8B368057F40}.Ad-Hoc|iPhone.ActiveCfg = Debug|Any CPU
		{307862D4-C72B-4899-90DD-E8B368057F40}.Ad-Hoc|iPhone.Build.0 = Debug|Any CPU
		{307862D4-C72B-4899-90DD-E8B368057F40}.Ad-Hoc|iPhoneSimulator.ActiveCfg = Debug|Any CPU
		{307862D4-C72B-4899-90DD-E8B368057F40}.Ad-Hoc|iPhoneSimulator.Build.0 = Debug|Any CPU
		{307862D4-C72B-4899-90DD-E8B368057F40}.AppStore|Any CPU.ActiveCfg = Debug|Any CPU
		{307862D4-C72B-4899-90DD-E8B368057F40}.AppStore|Any CPU.Build.0 = Debug|Any CPU
		{307862D4-C72B-4899-90DD-E8B368057F40}.AppStore|iPhone.ActiveCfg = Debug|Any CPU
		{307862D4-C72B-4899-90DD-E8B368057F40}.AppStore|iPhone.Build.0 = Debug|Any CPU
		{307862D4-C72B-4899-90DD-E8B368057F40}.AppStore|iPhoneSimulator.ActiveCfg = Debug|Any CPU
		{307862D4-C72B-4899-90DD-E8B368057F40}.AppStore|iPhoneSimulator.Build.0 = Debug|Any CPU
		{307862D4-C72B-4899-90DD-E8B368057F40}.Debug|Any CPU.ActiveCfg = Debug|Any CPU
		{307862D4-C72B-4899-90DD-E8B368057F40}.Debug|Any CPU.Build.0 = Debug|Any CPU
		{307862D4-C72B-4899-90DD-E8B368057F40}.Debug|iPhone.ActiveCfg = Debug|Any CPU
		{307862D4-C72B-4899-90DD-E8B368057F40}.Debug|iPhone.Build.0 = Debug|Any CPU
		{307862D4-C72B-4899-90DD-E8B368057F40}.Debug|iPhoneSimulator.ActiveCfg = Debug|Any CPU
		{307862D4-C72B-4899-90DD-E8B368057F40}.Debug|iPhoneSimulator.Build.0 = Debug|Any CPU
		{307862D4-C72B-4899-90DD-E8B368057F40}.Release|Any CPU.ActiveCfg = Release|Any CPU
		{307862D4-C72B-4899-90DD-E8B368057F40}.Release|Any CPU.Build.0 = Release|Any CPU
		{307862D4-C72B-4899-90DD-E8B368057F40}.Release|iPhone.ActiveCfg = Release|Any CPU
		{307862D4-C72B-4899-90DD-E8B368057F40}.Release|iPhone.Build.0 = Release|Any CPU
		{307862D4-C72B-4899-90DD-E8B368057F40}.Release|iPhoneSimulator.ActiveCfg = Release|Any CPU
		{307862D4-C72B-4899-90DD-E8B368057F40}.Release|iPhoneSimulator.Build.0 = Release|Any CPU
		{6FB36605-1B52-4DBE-8F32-DBFCB567B78F}.Ad-Hoc|Any CPU.ActiveCfg = Debug|Any CPU
		{6FB36605-1B52-4DBE-8F32-DBFCB567B78F}.Ad-Hoc|Any CPU.Build.0 = Debug|Any CPU
		{6FB36605-1B52-4DBE-8F32-DBFCB567B78F}.Ad-Hoc|iPhone.ActiveCfg = Debug|Any CPU
		{6FB36605-1B52-4DBE-8F32-DBFCB567B78F}.Ad-Hoc|iPhone.Build.0 = Debug|Any CPU
		{6FB36605-1B52-4DBE-8F32-DBFCB567B78F}.Ad-Hoc|iPhoneSimulator.ActiveCfg = Debug|Any CPU
		{6FB36605-1B52-4DBE-8F32-DBFCB567B78F}.Ad-Hoc|iPhoneSimulator.Build.0 = Debug|Any CPU
		{6FB36605-1B52-4DBE-8F32-DBFCB567B78F}.AppStore|Any CPU.ActiveCfg = Debug|Any CPU
		{6FB36605-1B52-4DBE-8F32-DBFCB567B78F}.AppStore|Any CPU.Build.0 = Debug|Any CPU
		{6FB36605-1B52-4DBE-8F32-DBFCB567B78F}.AppStore|iPhone.ActiveCfg = Debug|Any CPU
		{6FB36605-1B52-4DBE-8F32-DBFCB567B78F}.AppStore|iPhone.Build.0 = Debug|Any CPU
		{6FB36605-1B52-4DBE-8F32-DBFCB567B78F}.AppStore|iPhoneSimulator.ActiveCfg = Debug|Any CPU
		{6FB36605-1B52-4DBE-8F32-DBFCB567B78F}.AppStore|iPhoneSimulator.Build.0 = Debug|Any CPU
		{6FB36605-1B52-4DBE-8F32-DBFCB567B78F}.Debug|Any CPU.ActiveCfg = Debug|Any CPU
		{6FB36605-1B52-4DBE-8F32-DBFCB567B78F}.Debug|Any CPU.Build.0 = Debug|Any CPU
		{6FB36605-1B52-4DBE-8F32-DBFCB567B78F}.Debug|iPhone.ActiveCfg = Debug|Any CPU
		{6FB36605-1B52-4DBE-8F32-DBFCB567B78F}.Debug|iPhone.Build.0 = Debug|Any CPU
		{6FB36605-1B52-4DBE-8F32-DBFCB567B78F}.Debug|iPhoneSimulator.ActiveCfg = Debug|Any CPU
		{6FB36605-1B52-4DBE-8F32-DBFCB567B78F}.Debug|iPhoneSimulator.Build.0 = Debug|Any CPU
		{6FB36605-1B52-4DBE-8F32-DBFCB567B78F}.Release|Any CPU.ActiveCfg = Release|Any CPU
		{6FB36605-1B52-4DBE-8F32-DBFCB567B78F}.Release|Any CPU.Build.0 = Release|Any CPU
		{6FB36605-1B52-4DBE-8F32-DBFCB567B78F}.Release|iPhone.ActiveCfg = Release|Any CPU
		{6FB36605-1B52-4DBE-8F32-DBFCB567B78F}.Release|iPhone.Build.0 = Release|Any CPU
		{6FB36605-1B52-4DBE-8F32-DBFCB567B78F}.Release|iPhoneSimulator.ActiveCfg = Release|Any CPU
		{6FB36605-1B52-4DBE-8F32-DBFCB567B78F}.Release|iPhoneSimulator.Build.0 = Release|Any CPU
		{6B4DE205-7AC9-4475-8BF7-13F8E6BABD9A}.Ad-Hoc|Any CPU.ActiveCfg = Debug|Any CPU
		{6B4DE205-7AC9-4475-8BF7-13F8E6BABD9A}.Ad-Hoc|Any CPU.Build.0 = Debug|Any CPU
		{6B4DE205-7AC9-4475-8BF7-13F8E6BABD9A}.Ad-Hoc|iPhone.ActiveCfg = Debug|Any CPU
		{6B4DE205-7AC9-4475-8BF7-13F8E6BABD9A}.Ad-Hoc|iPhone.Build.0 = Debug|Any CPU
		{6B4DE205-7AC9-4475-8BF7-13F8E6BABD9A}.Ad-Hoc|iPhoneSimulator.ActiveCfg = Debug|Any CPU
		{6B4DE205-7AC9-4475-8BF7-13F8E6BABD9A}.Ad-Hoc|iPhoneSimulator.Build.0 = Debug|Any CPU
		{6B4DE205-7AC9-4475-8BF7-13F8E6BABD9A}.AppStore|Any CPU.ActiveCfg = Debug|Any CPU
		{6B4DE205-7AC9-4475-8BF7-13F8E6BABD9A}.AppStore|Any CPU.Build.0 = Debug|Any CPU
		{6B4DE205-7AC9-4475-8BF7-13F8E6BABD9A}.AppStore|iPhone.ActiveCfg = Debug|Any CPU
		{6B4DE205-7AC9-4475-8BF7-13F8E6BABD9A}.AppStore|iPhone.Build.0 = Debug|Any CPU
		{6B4DE205-7AC9-4475-8BF7-13F8E6BABD9A}.AppStore|iPhoneSimulator.ActiveCfg = Debug|Any CPU
		{6B4DE205-7AC9-4475-8BF7-13F8E6BABD9A}.AppStore|iPhoneSimulator.Build.0 = Debug|Any CPU
		{6B4DE205-7AC9-4475-8BF7-13F8E6BABD9A}.Debug|Any CPU.ActiveCfg = Debug|Any CPU
		{6B4DE205-7AC9-4475-8BF7-13F8E6BABD9A}.Debug|Any CPU.Build.0 = Debug|Any CPU
		{6B4DE205-7AC9-4475-8BF7-13F8E6BABD9A}.Debug|iPhone.ActiveCfg = Debug|Any CPU
		{6B4DE205-7AC9-4475-8BF7-13F8E6BABD9A}.Debug|iPhone.Build.0 = Debug|Any CPU
		{6B4DE205-7AC9-4475-8BF7-13F8E6BABD9A}.Debug|iPhoneSimulator.ActiveCfg = Debug|Any CPU
		{6B4DE205-7AC9-4475-8BF7-13F8E6BABD9A}.Debug|iPhoneSimulator.Build.0 = Debug|Any CPU
		{6B4DE205-7AC9-4475-8BF7-13F8E6BABD9A}.Release|Any CPU.ActiveCfg = Release|Any CPU
		{6B4DE205-7AC9-4475-8BF7-13F8E6BABD9A}.Release|Any CPU.Build.0 = Release|Any CPU
		{6B4DE205-7AC9-4475-8BF7-13F8E6BABD9A}.Release|iPhone.ActiveCfg = Release|Any CPU
		{6B4DE205-7AC9-4475-8BF7-13F8E6BABD9A}.Release|iPhone.Build.0 = Release|Any CPU
		{6B4DE205-7AC9-4475-8BF7-13F8E6BABD9A}.Release|iPhoneSimulator.ActiveCfg = Release|Any CPU
		{6B4DE205-7AC9-4475-8BF7-13F8E6BABD9A}.Release|iPhoneSimulator.Build.0 = Release|Any CPU
		{676D53CD-581C-447A-B735-43EC19E18C7E}.Ad-Hoc|Any CPU.ActiveCfg = Debug|Any CPU
		{676D53CD-581C-447A-B735-43EC19E18C7E}.Ad-Hoc|Any CPU.Build.0 = Debug|Any CPU
		{676D53CD-581C-447A-B735-43EC19E18C7E}.Ad-Hoc|iPhone.ActiveCfg = Debug|Any CPU
		{676D53CD-581C-447A-B735-43EC19E18C7E}.Ad-Hoc|iPhone.Build.0 = Debug|Any CPU
		{676D53CD-581C-447A-B735-43EC19E18C7E}.Ad-Hoc|iPhoneSimulator.ActiveCfg = Debug|Any CPU
		{676D53CD-581C-447A-B735-43EC19E18C7E}.Ad-Hoc|iPhoneSimulator.Build.0 = Debug|Any CPU
		{676D53CD-581C-447A-B735-43EC19E18C7E}.AppStore|Any CPU.ActiveCfg = Debug|Any CPU
		{676D53CD-581C-447A-B735-43EC19E18C7E}.AppStore|Any CPU.Build.0 = Debug|Any CPU
		{676D53CD-581C-447A-B735-43EC19E18C7E}.AppStore|iPhone.ActiveCfg = Debug|Any CPU
		{676D53CD-581C-447A-B735-43EC19E18C7E}.AppStore|iPhone.Build.0 = Debug|Any CPU
		{676D53CD-581C-447A-B735-43EC19E18C7E}.AppStore|iPhoneSimulator.ActiveCfg = Debug|Any CPU
		{676D53CD-581C-447A-B735-43EC19E18C7E}.AppStore|iPhoneSimulator.Build.0 = Debug|Any CPU
		{676D53CD-581C-447A-B735-43EC19E18C7E}.Debug|Any CPU.ActiveCfg = Debug|Any CPU
		{676D53CD-581C-447A-B735-43EC19E18C7E}.Debug|Any CPU.Build.0 = Debug|Any CPU
		{676D53CD-581C-447A-B735-43EC19E18C7E}.Debug|iPhone.ActiveCfg = Debug|Any CPU
		{676D53CD-581C-447A-B735-43EC19E18C7E}.Debug|iPhone.Build.0 = Debug|Any CPU
		{676D53CD-581C-447A-B735-43EC19E18C7E}.Debug|iPhoneSimulator.ActiveCfg = Debug|Any CPU
		{676D53CD-581C-447A-B735-43EC19E18C7E}.Debug|iPhoneSimulator.Build.0 = Debug|Any CPU
		{676D53CD-581C-447A-B735-43EC19E18C7E}.Release|Any CPU.ActiveCfg = Release|Any CPU
		{676D53CD-581C-447A-B735-43EC19E18C7E}.Release|Any CPU.Build.0 = Release|Any CPU
		{676D53CD-581C-447A-B735-43EC19E18C7E}.Release|iPhone.ActiveCfg = Release|Any CPU
		{676D53CD-581C-447A-B735-43EC19E18C7E}.Release|iPhone.Build.0 = Release|Any CPU
		{676D53CD-581C-447A-B735-43EC19E18C7E}.Release|iPhoneSimulator.ActiveCfg = Release|Any CPU
		{676D53CD-581C-447A-B735-43EC19E18C7E}.Release|iPhoneSimulator.Build.0 = Release|Any CPU
	EndGlobalSection
	GlobalSection(SolutionProperties) = preSolution
		HideSolutionNode = FALSE
	EndGlobalSection
	GlobalSection(NestedProjects) = preSolution
		{30B25278-3605-4C26-9ACE-BAD307921106} = {820F9FAC-17F1-472C-A78C-85C9A577304A}
		{D891A4A9-DC86-4F94-A126-40C89F3B818A} = {072AE120-4B49-41EF-908D-E4783FB1C95E}
		{1C112B39-54A6-4B52-8D2A-BE41BDBED6A5} = {072AE120-4B49-41EF-908D-E4783FB1C95E}
		{891876CE-99FD-4FCC-A5C0-C062D40D4DE7} = {072AE120-4B49-41EF-908D-E4783FB1C95E}
		{66A02F95-3E57-4DE7-9743-1A292E9E252E} = {715E97E0-B8B4-4C0B-A0F0-66AF9BB239C3}
		{0DEF7692-37BA-4D54-82EB-DDA62A30A80A} = {0B09AF08-42F4-449E-92A5-9B7E82E5ECA4}
		{70CC91C4-B34B-4ADB-A183-D357DDF9F044} = {0B09AF08-42F4-449E-92A5-9B7E82E5ECA4}
		{307862D4-C72B-4899-90DD-E8B368057F40} = {0B09AF08-42F4-449E-92A5-9B7E82E5ECA4}
		{6FB36605-1B52-4DBE-8F32-DBFCB567B78F} = {715E97E0-B8B4-4C0B-A0F0-66AF9BB239C3}
		{6B4DE205-7AC9-4475-8BF7-13F8E6BABD9A} = {715E97E0-B8B4-4C0B-A0F0-66AF9BB239C3}
		{676D53CD-581C-447A-B735-43EC19E18C7E} = {715E97E0-B8B4-4C0B-A0F0-66AF9BB239C3}
	EndGlobalSection
	GlobalSection(ExtensibilityGlobals) = postSolution
		SolutionGuid = {43684338-562A-4EF4-B338-5264A2C5F6F2}
	EndGlobalSection
EndGlobal
