
Microsoft Visual Studio Solution File, Format Version 12.00
# Visual Studio 15
VisualStudioVersion = 15.0.27428.2037
MinimumVisualStudioVersion = 10.0.40219.1
Project("{9A19103F-16F7-4668-BE54-9A1E7A4F7556}") = "Spelling.Web", "Spelling.Web\Spelling.Web.csproj", "{30B25278-3605-4C26-9ACE-BAD307921106}"
EndProject
Project("{2150E333-8FDC-42A3-9474-1A3956D46DE8}") = "ext", "ext", "{0B09AF08-42F4-449E-92A5-9B7E82E5ECA4}"
EndProject
Project("{9A19103F-16F7-4668-BE54-9A1E7A4F7556}") = "Beto.Core", "..\ext\beto.core\src\Beto.Core\Beto.Core.csproj", "{B6C80FEA-AEB2-40F5-BCF8-9DE04201BE84}"
EndProject
Project("{9A19103F-16F7-4668-BE54-9A1E7A4F7556}") = "Beto.Core.Data", "..\ext\beto.core\src\Beto.Core.Data\Beto.Core.Data.csproj", "{7CA825DA-661C-4B7A-86BD-24C0DB898F73}"
EndProject
Project("{9A19103F-16F7-4668-BE54-9A1E7A4F7556}") = "Beto.Core.Web", "..\ext\beto.core\src\Beto.Core.Web\Beto.Core.Web.csproj", "{3744148A-A74D-4D58-98C7-66186AA260D8}"
EndProject
Project("{FAE04EC0-301F-11D3-BF4B-00C04F79EFBC}") = "Spelling.Data", "Spelling.Data\Spelling.Data.csproj", "{0406A888-E1C1-4AFF-B0BD-A52A69556B30}"
EndProject
Project("{FAE04EC0-301F-11D3-BF4B-00C04F79EFBC}") = "Spelling.Domain", "Spelling.Domain\Spelling.Domain.csproj", "{E6A1BA9E-77C6-4248-A96D-1D2C7944C48F}"
EndProject
Project("{FAE04EC0-301F-11D3-BF4B-00C04F79EFBC}") = "Spelling.Business", "Spelling.Business\Spelling.Business.csproj", "{CA7E514B-EB63-410F-8BF0-363A8B821A5E}"
EndProject
Global
	GlobalSection(SolutionConfigurationPlatforms) = preSolution
		Debug|Any CPU = Debug|Any CPU
		Release|Any CPU = Release|Any CPU
	EndGlobalSection
	GlobalSection(ProjectConfigurationPlatforms) = postSolution
		{30B25278-3605-4C26-9ACE-BAD307921106}.Debug|Any CPU.ActiveCfg = Debug|Any CPU
		{30B25278-3605-4C26-9ACE-BAD307921106}.Debug|Any CPU.Build.0 = Debug|Any CPU
		{30B25278-3605-4C26-9ACE-BAD307921106}.Release|Any CPU.ActiveCfg = Release|Any CPU
		{30B25278-3605-4C26-9ACE-BAD307921106}.Release|Any CPU.Build.0 = Release|Any CPU
		{B6C80FEA-AEB2-40F5-BCF8-9DE04201BE84}.Debug|Any CPU.ActiveCfg = Debug|Any CPU
		{B6C80FEA-AEB2-40F5-BCF8-9DE04201BE84}.Debug|Any CPU.Build.0 = Debug|Any CPU
		{B6C80FEA-AEB2-40F5-BCF8-9DE04201BE84}.Release|Any CPU.ActiveCfg = Release|Any CPU
		{B6C80FEA-AEB2-40F5-BCF8-9DE04201BE84}.Release|Any CPU.Build.0 = Release|Any CPU
		{7CA825DA-661C-4B7A-86BD-24C0DB898F73}.Debug|Any CPU.ActiveCfg = Debug|Any CPU
		{7CA825DA-661C-4B7A-86BD-24C0DB898F73}.Debug|Any CPU.Build.0 = Debug|Any CPU
		{7CA825DA-661C-4B7A-86BD-24C0DB898F73}.Release|Any CPU.ActiveCfg = Release|Any CPU
		{7CA825DA-661C-4B7A-86BD-24C0DB898F73}.Release|Any CPU.Build.0 = Release|Any CPU
		{3744148A-A74D-4D58-98C7-66186AA260D8}.Debug|Any CPU.ActiveCfg = Debug|Any CPU
		{3744148A-A74D-4D58-98C7-66186AA260D8}.Debug|Any CPU.Build.0 = Debug|Any CPU
		{3744148A-A74D-4D58-98C7-66186AA260D8}.Release|Any CPU.ActiveCfg = Release|Any CPU
		{3744148A-A74D-4D58-98C7-66186AA260D8}.Release|Any CPU.Build.0 = Release|Any CPU
		{0406A888-E1C1-4AFF-B0BD-A52A69556B30}.Debug|Any CPU.ActiveCfg = Debug|Any CPU
		{0406A888-E1C1-4AFF-B0BD-A52A69556B30}.Debug|Any CPU.Build.0 = Debug|Any CPU
		{0406A888-E1C1-4AFF-B0BD-A52A69556B30}.Release|Any CPU.ActiveCfg = Release|Any CPU
		{0406A888-E1C1-4AFF-B0BD-A52A69556B30}.Release|Any CPU.Build.0 = Release|Any CPU
		{E6A1BA9E-77C6-4248-A96D-1D2C7944C48F}.Debug|Any CPU.ActiveCfg = Debug|Any CPU
		{E6A1BA9E-77C6-4248-A96D-1D2C7944C48F}.Debug|Any CPU.Build.0 = Debug|Any CPU
		{E6A1BA9E-77C6-4248-A96D-1D2C7944C48F}.Release|Any CPU.ActiveCfg = Release|Any CPU
		{E6A1BA9E-77C6-4248-A96D-1D2C7944C48F}.Release|Any CPU.Build.0 = Release|Any CPU
		{CA7E514B-EB63-410F-8BF0-363A8B821A5E}.Debug|Any CPU.ActiveCfg = Debug|Any CPU
		{CA7E514B-EB63-410F-8BF0-363A8B821A5E}.Debug|Any CPU.Build.0 = Debug|Any CPU
		{CA7E514B-EB63-410F-8BF0-363A8B821A5E}.Release|Any CPU.ActiveCfg = Release|Any CPU
		{CA7E514B-EB63-410F-8BF0-363A8B821A5E}.Release|Any CPU.Build.0 = Release|Any CPU
	EndGlobalSection
	GlobalSection(SolutionProperties) = preSolution
		HideSolutionNode = FALSE
	EndGlobalSection
	GlobalSection(NestedProjects) = preSolution
		{B6C80FEA-AEB2-40F5-BCF8-9DE04201BE84} = {0B09AF08-42F4-449E-92A5-9B7E82E5ECA4}
		{7CA825DA-661C-4B7A-86BD-24C0DB898F73} = {0B09AF08-42F4-449E-92A5-9B7E82E5ECA4}
		{3744148A-A74D-4D58-98C7-66186AA260D8} = {0B09AF08-42F4-449E-92A5-9B7E82E5ECA4}
	EndGlobalSection
	GlobalSection(ExtensibilityGlobals) = postSolution
		SolutionGuid = {43684338-562A-4EF4-B338-5264A2C5F6F2}
	EndGlobalSection
EndGlobal
